
Microsoft Visual Studio Solution File, Format Version 12.00
# Visual Studio Version 16
VisualStudioVersion = 16.0.30523.141
MinimumVisualStudioVersion = 15.0.26124.0
Project("{2150E333-8FDC-42A3-9474-1A3956D46DE8}") = "src", "src", "{84CB597D-3B68-4065-81C7-13255D8AE695}"
EndProject
Project("{2150E333-8FDC-42A3-9474-1A3956D46DE8}") = "services", "services", "{EF1CD05E-FB19-4F6A-96C2-9D0832B64BF7}"
EndProject
Project("{2150E333-8FDC-42A3-9474-1A3956D46DE8}") = "web", "web", "{B3962C1C-9433-4C18-860D-2E31E3870F7E}"
EndProject
Project("{9A19103F-16F7-4668-BE54-9A1E7A4F7556}") = "NSE.WebApp.MVC", "src\web\NSE.WebApp.MVC\NSE.WebApp.MVC.csproj", "{66C0E7B4-38F2-4659-8C6B-D3AB1316C7C4}"
EndProject
Project("{2150E333-8FDC-42A3-9474-1A3956D46DE8}") = "building blocks", "building blocks", "{60A8D0D7-D881-4D39-98E5-B5CE90C7C201}"
EndProject
Project("{9A19103F-16F7-4668-BE54-9A1E7A4F7556}") = "NSE.Core", "src\building blocks\NSE.Core\NSE.Core.csproj", "{FFF2004C-FA5F-4E77-AA76-FF98A02970E8}"
EndProject
Project("{9A19103F-16F7-4668-BE54-9A1E7A4F7556}") = "NSE.Carrinho.Api", "src\services\NSE.Carrinho.Api\NSE.Carrinho.Api.csproj", "{2E7194BD-454C-46D0-8714-F0AD024C9807}"
EndProject
Project("{9A19103F-16F7-4668-BE54-9A1E7A4F7556}") = "NSE.Catalogo.Api", "src\services\NSE.Catalogo.Api\NSE.Catalogo.Api.csproj", "{F69F9B06-969C-4EFA-A92F-8C5B8CF5B1BC}"
EndProject
Project("{9A19103F-16F7-4668-BE54-9A1E7A4F7556}") = "NSE.Clientes.Api", "src\services\NSE.Cliente.Api\NSE.Clientes.Api.csproj", "{44D42ADA-6F0B-4F6E-B079-674719AFCBE0}"
EndProject
Project("{9A19103F-16F7-4668-BE54-9A1E7A4F7556}") = "NSE.Pagamento.Api", "src\services\NSE.Pagamento.Api\NSE.Pagamento.Api.csproj", "{AD46C44A-635C-4B5F-B7E0-C7979D9CB2A9}"
EndProject
Project("{9A19103F-16F7-4668-BE54-9A1E7A4F7556}") = "NSE.Pedido.Api", "src\services\NSE.Pedido.Api\NSE.Pedido.Api.csproj", "{F5B10790-BE9E-4336-ABC9-00DC77F5B3F7}"
EndProject
Project("{9A19103F-16F7-4668-BE54-9A1E7A4F7556}") = "NSE.Identidade.Api", "src\services\NSE.Identidade.Api\NSE.Identidade.Api.csproj", "{5899A453-D89D-426E-9B29-466B6E7A00A2}"
EndProject
Project("{2150E333-8FDC-42A3-9474-1A3956D46DE8}") = "Core", "Core", "{30A8075C-7B08-4F38-AA7A-1389F41B35B1}"
EndProject
Project("{2150E333-8FDC-42A3-9474-1A3956D46DE8}") = "Carrinho", "Carrinho", "{CA669B57-942C-4BE6-B898-7DF56381F8C2}"
EndProject
Project("{2150E333-8FDC-42A3-9474-1A3956D46DE8}") = "Catalogo", "Catalogo", "{B7E3AA59-7A76-44E5-95AF-57A3D90A33BA}"
EndProject
Project("{2150E333-8FDC-42A3-9474-1A3956D46DE8}") = "Cliente", "Cliente", "{DC0190AB-9A18-46EA-8279-71053F068FD4}"
EndProject
Project("{2150E333-8FDC-42A3-9474-1A3956D46DE8}") = "Identidade", "Identidade", "{45D6783E-C963-4CB1-B062-36D982B16EF7}"
EndProject
Project("{2150E333-8FDC-42A3-9474-1A3956D46DE8}") = "Pagamento", "Pagamento", "{3BC0025A-8A65-4B4F-80E1-2D4EC6000AE4}"
EndProject
Project("{2150E333-8FDC-42A3-9474-1A3956D46DE8}") = "Pedido", "Pedido", "{75324C52-3807-4CE4-A50A-131CABD4F11B}"
EndProject
Project("{2150E333-8FDC-42A3-9474-1A3956D46DE8}") = "MVC", "MVC", "{4109A8C9-AB75-4214-90B6-0D78D7BF000B}"
EndProject
Project("{2150E333-8FDC-42A3-9474-1A3956D46DE8}") = "Services", "Services", "{B92BB5E1-5271-4A65-A966-F61C3C0E4FD7}"
EndProject
Project("{9A19103F-16F7-4668-BE54-9A1E7A4F7556}") = "NSE.WebAPI.Core", "src\building blocks\NSE.WebAPI.Core\NSE.WebAPI.Core.csproj", "{D872AA02-216C-48FD-91AF-9EE052A5C5E3}"
EndProject
Project("{2150E333-8FDC-42A3-9474-1A3956D46DE8}") = "MessageBus", "MessageBus", "{56646BA0-8552-4235-82EE-908DB8FB5C0A}"
EndProject
Project("{9A19103F-16F7-4668-BE54-9A1E7A4F7556}") = "NSE.MessageBus", "src\building blocks\NSE.MessageBus\NSE.MessageBus.csproj", "{6AE392A5-A2D4-4001-AEF3-B8B9D2E1F9CB}"
EndProject
Project("{2150E333-8FDC-42A3-9474-1A3956D46DE8}") = "ApiGateways", "ApiGateways", "{4641B258-BBBF-4D4B-9009-6FD1B43DD71F}"
EndProject
Project("{2150E333-8FDC-42A3-9474-1A3956D46DE8}") = "Compras", "Compras", "{49DD484C-36CD-4F1E-AF3E-9500FF9682EA}"
EndProject
Project("{9A19103F-16F7-4668-BE54-9A1E7A4F7556}") = "NSE.Bff.Compras", "src\api gateways\NSE.Bff.Compras\NSE.Bff.Compras.csproj", "{3A11DD91-0AC4-4CC4-A659-DF661AD5F2AE}"
EndProject
Project("{FAE04EC0-301F-11D3-BF4B-00C04F79EFBC}") = "NSE.Pedido.Domain", "src\services\NSE.Pedido.Domain\NSE.Pedido.Domain.csproj", "{5E2BAA1B-836C-4F33-9A4B-50C9360C38B2}"
EndProject
Project("{FAE04EC0-301F-11D3-BF4B-00C04F79EFBC}") = "NSE.Pedido.Infra", "src\services\NSE.Pedido.Infra\NSE.Pedido.Infra.csproj", "{AF2BFBF5-45DD-4E98-8DCF-983827818D20}"
EndProject
Global
	GlobalSection(SolutionConfigurationPlatforms) = preSolution
		Debug|Any CPU = Debug|Any CPU
		Debug|x64 = Debug|x64
		Debug|x86 = Debug|x86
		Release|Any CPU = Release|Any CPU
		Release|x64 = Release|x64
		Release|x86 = Release|x86
	EndGlobalSection
	GlobalSection(ProjectConfigurationPlatforms) = postSolution
		{66C0E7B4-38F2-4659-8C6B-D3AB1316C7C4}.Debug|Any CPU.ActiveCfg = Debug|Any CPU
		{66C0E7B4-38F2-4659-8C6B-D3AB1316C7C4}.Debug|Any CPU.Build.0 = Debug|Any CPU
		{66C0E7B4-38F2-4659-8C6B-D3AB1316C7C4}.Debug|x64.ActiveCfg = Debug|Any CPU
		{66C0E7B4-38F2-4659-8C6B-D3AB1316C7C4}.Debug|x64.Build.0 = Debug|Any CPU
		{66C0E7B4-38F2-4659-8C6B-D3AB1316C7C4}.Debug|x86.ActiveCfg = Debug|Any CPU
		{66C0E7B4-38F2-4659-8C6B-D3AB1316C7C4}.Debug|x86.Build.0 = Debug|Any CPU
		{66C0E7B4-38F2-4659-8C6B-D3AB1316C7C4}.Release|Any CPU.ActiveCfg = Release|Any CPU
		{66C0E7B4-38F2-4659-8C6B-D3AB1316C7C4}.Release|Any CPU.Build.0 = Release|Any CPU
		{66C0E7B4-38F2-4659-8C6B-D3AB1316C7C4}.Release|x64.ActiveCfg = Release|Any CPU
		{66C0E7B4-38F2-4659-8C6B-D3AB1316C7C4}.Release|x64.Build.0 = Release|Any CPU
		{66C0E7B4-38F2-4659-8C6B-D3AB1316C7C4}.Release|x86.ActiveCfg = Release|Any CPU
		{66C0E7B4-38F2-4659-8C6B-D3AB1316C7C4}.Release|x86.Build.0 = Release|Any CPU
		{FFF2004C-FA5F-4E77-AA76-FF98A02970E8}.Debug|Any CPU.ActiveCfg = Debug|Any CPU
		{FFF2004C-FA5F-4E77-AA76-FF98A02970E8}.Debug|Any CPU.Build.0 = Debug|Any CPU
		{FFF2004C-FA5F-4E77-AA76-FF98A02970E8}.Debug|x64.ActiveCfg = Debug|Any CPU
		{FFF2004C-FA5F-4E77-AA76-FF98A02970E8}.Debug|x64.Build.0 = Debug|Any CPU
		{FFF2004C-FA5F-4E77-AA76-FF98A02970E8}.Debug|x86.ActiveCfg = Debug|Any CPU
		{FFF2004C-FA5F-4E77-AA76-FF98A02970E8}.Debug|x86.Build.0 = Debug|Any CPU
		{FFF2004C-FA5F-4E77-AA76-FF98A02970E8}.Release|Any CPU.ActiveCfg = Release|Any CPU
		{FFF2004C-FA5F-4E77-AA76-FF98A02970E8}.Release|Any CPU.Build.0 = Release|Any CPU
		{FFF2004C-FA5F-4E77-AA76-FF98A02970E8}.Release|x64.ActiveCfg = Release|Any CPU
		{FFF2004C-FA5F-4E77-AA76-FF98A02970E8}.Release|x64.Build.0 = Release|Any CPU
		{FFF2004C-FA5F-4E77-AA76-FF98A02970E8}.Release|x86.ActiveCfg = Release|Any CPU
		{FFF2004C-FA5F-4E77-AA76-FF98A02970E8}.Release|x86.Build.0 = Release|Any CPU
		{2E7194BD-454C-46D0-8714-F0AD024C9807}.Debug|Any CPU.ActiveCfg = Debug|Any CPU
		{2E7194BD-454C-46D0-8714-F0AD024C9807}.Debug|Any CPU.Build.0 = Debug|Any CPU
		{2E7194BD-454C-46D0-8714-F0AD024C9807}.Debug|x64.ActiveCfg = Debug|Any CPU
		{2E7194BD-454C-46D0-8714-F0AD024C9807}.Debug|x64.Build.0 = Debug|Any CPU
		{2E7194BD-454C-46D0-8714-F0AD024C9807}.Debug|x86.ActiveCfg = Debug|Any CPU
		{2E7194BD-454C-46D0-8714-F0AD024C9807}.Debug|x86.Build.0 = Debug|Any CPU
		{2E7194BD-454C-46D0-8714-F0AD024C9807}.Release|Any CPU.ActiveCfg = Release|Any CPU
		{2E7194BD-454C-46D0-8714-F0AD024C9807}.Release|Any CPU.Build.0 = Release|Any CPU
		{2E7194BD-454C-46D0-8714-F0AD024C9807}.Release|x64.ActiveCfg = Release|Any CPU
		{2E7194BD-454C-46D0-8714-F0AD024C9807}.Release|x64.Build.0 = Release|Any CPU
		{2E7194BD-454C-46D0-8714-F0AD024C9807}.Release|x86.ActiveCfg = Release|Any CPU
		{2E7194BD-454C-46D0-8714-F0AD024C9807}.Release|x86.Build.0 = Release|Any CPU
		{F69F9B06-969C-4EFA-A92F-8C5B8CF5B1BC}.Debug|Any CPU.ActiveCfg = Debug|Any CPU
		{F69F9B06-969C-4EFA-A92F-8C5B8CF5B1BC}.Debug|Any CPU.Build.0 = Debug|Any CPU
		{F69F9B06-969C-4EFA-A92F-8C5B8CF5B1BC}.Debug|x64.ActiveCfg = Debug|Any CPU
		{F69F9B06-969C-4EFA-A92F-8C5B8CF5B1BC}.Debug|x64.Build.0 = Debug|Any CPU
		{F69F9B06-969C-4EFA-A92F-8C5B8CF5B1BC}.Debug|x86.ActiveCfg = Debug|Any CPU
		{F69F9B06-969C-4EFA-A92F-8C5B8CF5B1BC}.Debug|x86.Build.0 = Debug|Any CPU
		{F69F9B06-969C-4EFA-A92F-8C5B8CF5B1BC}.Release|Any CPU.ActiveCfg = Release|Any CPU
		{F69F9B06-969C-4EFA-A92F-8C5B8CF5B1BC}.Release|Any CPU.Build.0 = Release|Any CPU
		{F69F9B06-969C-4EFA-A92F-8C5B8CF5B1BC}.Release|x64.ActiveCfg = Release|Any CPU
		{F69F9B06-969C-4EFA-A92F-8C5B8CF5B1BC}.Release|x64.Build.0 = Release|Any CPU
		{F69F9B06-969C-4EFA-A92F-8C5B8CF5B1BC}.Release|x86.ActiveCfg = Release|Any CPU
		{F69F9B06-969C-4EFA-A92F-8C5B8CF5B1BC}.Release|x86.Build.0 = Release|Any CPU
		{44D42ADA-6F0B-4F6E-B079-674719AFCBE0}.Debug|Any CPU.ActiveCfg = Debug|Any CPU
		{44D42ADA-6F0B-4F6E-B079-674719AFCBE0}.Debug|Any CPU.Build.0 = Debug|Any CPU
		{44D42ADA-6F0B-4F6E-B079-674719AFCBE0}.Debug|x64.ActiveCfg = Debug|Any CPU
		{44D42ADA-6F0B-4F6E-B079-674719AFCBE0}.Debug|x64.Build.0 = Debug|Any CPU
		{44D42ADA-6F0B-4F6E-B079-674719AFCBE0}.Debug|x86.ActiveCfg = Debug|Any CPU
		{44D42ADA-6F0B-4F6E-B079-674719AFCBE0}.Debug|x86.Build.0 = Debug|Any CPU
		{44D42ADA-6F0B-4F6E-B079-674719AFCBE0}.Release|Any CPU.ActiveCfg = Release|Any CPU
		{44D42ADA-6F0B-4F6E-B079-674719AFCBE0}.Release|Any CPU.Build.0 = Release|Any CPU
		{44D42ADA-6F0B-4F6E-B079-674719AFCBE0}.Release|x64.ActiveCfg = Release|Any CPU
		{44D42ADA-6F0B-4F6E-B079-674719AFCBE0}.Release|x64.Build.0 = Release|Any CPU
		{44D42ADA-6F0B-4F6E-B079-674719AFCBE0}.Release|x86.ActiveCfg = Release|Any CPU
		{44D42ADA-6F0B-4F6E-B079-674719AFCBE0}.Release|x86.Build.0 = Release|Any CPU
		{AD46C44A-635C-4B5F-B7E0-C7979D9CB2A9}.Debug|Any CPU.ActiveCfg = Debug|Any CPU
		{AD46C44A-635C-4B5F-B7E0-C7979D9CB2A9}.Debug|Any CPU.Build.0 = Debug|Any CPU
		{AD46C44A-635C-4B5F-B7E0-C7979D9CB2A9}.Debug|x64.ActiveCfg = Debug|Any CPU
		{AD46C44A-635C-4B5F-B7E0-C7979D9CB2A9}.Debug|x64.Build.0 = Debug|Any CPU
		{AD46C44A-635C-4B5F-B7E0-C7979D9CB2A9}.Debug|x86.ActiveCfg = Debug|Any CPU
		{AD46C44A-635C-4B5F-B7E0-C7979D9CB2A9}.Debug|x86.Build.0 = Debug|Any CPU
		{AD46C44A-635C-4B5F-B7E0-C7979D9CB2A9}.Release|Any CPU.ActiveCfg = Release|Any CPU
		{AD46C44A-635C-4B5F-B7E0-C7979D9CB2A9}.Release|Any CPU.Build.0 = Release|Any CPU
		{AD46C44A-635C-4B5F-B7E0-C7979D9CB2A9}.Release|x64.ActiveCfg = Release|Any CPU
		{AD46C44A-635C-4B5F-B7E0-C7979D9CB2A9}.Release|x64.Build.0 = Release|Any CPU
		{AD46C44A-635C-4B5F-B7E0-C7979D9CB2A9}.Release|x86.ActiveCfg = Release|Any CPU
		{AD46C44A-635C-4B5F-B7E0-C7979D9CB2A9}.Release|x86.Build.0 = Release|Any CPU
		{F5B10790-BE9E-4336-ABC9-00DC77F5B3F7}.Debug|Any CPU.ActiveCfg = Debug|Any CPU
		{F5B10790-BE9E-4336-ABC9-00DC77F5B3F7}.Debug|Any CPU.Build.0 = Debug|Any CPU
		{F5B10790-BE9E-4336-ABC9-00DC77F5B3F7}.Debug|x64.ActiveCfg = Debug|Any CPU
		{F5B10790-BE9E-4336-ABC9-00DC77F5B3F7}.Debug|x64.Build.0 = Debug|Any CPU
		{F5B10790-BE9E-4336-ABC9-00DC77F5B3F7}.Debug|x86.ActiveCfg = Debug|Any CPU
		{F5B10790-BE9E-4336-ABC9-00DC77F5B3F7}.Debug|x86.Build.0 = Debug|Any CPU
		{F5B10790-BE9E-4336-ABC9-00DC77F5B3F7}.Release|Any CPU.ActiveCfg = Release|Any CPU
		{F5B10790-BE9E-4336-ABC9-00DC77F5B3F7}.Release|Any CPU.Build.0 = Release|Any CPU
		{F5B10790-BE9E-4336-ABC9-00DC77F5B3F7}.Release|x64.ActiveCfg = Release|Any CPU
		{F5B10790-BE9E-4336-ABC9-00DC77F5B3F7}.Release|x64.Build.0 = Release|Any CPU
		{F5B10790-BE9E-4336-ABC9-00DC77F5B3F7}.Release|x86.ActiveCfg = Release|Any CPU
		{F5B10790-BE9E-4336-ABC9-00DC77F5B3F7}.Release|x86.Build.0 = Release|Any CPU
		{5899A453-D89D-426E-9B29-466B6E7A00A2}.Debug|Any CPU.ActiveCfg = Debug|Any CPU
		{5899A453-D89D-426E-9B29-466B6E7A00A2}.Debug|Any CPU.Build.0 = Debug|Any CPU
		{5899A453-D89D-426E-9B29-466B6E7A00A2}.Debug|x64.ActiveCfg = Debug|Any CPU
		{5899A453-D89D-426E-9B29-466B6E7A00A2}.Debug|x64.Build.0 = Debug|Any CPU
		{5899A453-D89D-426E-9B29-466B6E7A00A2}.Debug|x86.ActiveCfg = Debug|Any CPU
		{5899A453-D89D-426E-9B29-466B6E7A00A2}.Debug|x86.Build.0 = Debug|Any CPU
		{5899A453-D89D-426E-9B29-466B6E7A00A2}.Release|Any CPU.ActiveCfg = Release|Any CPU
		{5899A453-D89D-426E-9B29-466B6E7A00A2}.Release|Any CPU.Build.0 = Release|Any CPU
		{5899A453-D89D-426E-9B29-466B6E7A00A2}.Release|x64.ActiveCfg = Release|Any CPU
		{5899A453-D89D-426E-9B29-466B6E7A00A2}.Release|x64.Build.0 = Release|Any CPU
		{5899A453-D89D-426E-9B29-466B6E7A00A2}.Release|x86.ActiveCfg = Release|Any CPU
		{5899A453-D89D-426E-9B29-466B6E7A00A2}.Release|x86.Build.0 = Release|Any CPU
		{D872AA02-216C-48FD-91AF-9EE052A5C5E3}.Debug|Any CPU.ActiveCfg = Debug|Any CPU
		{D872AA02-216C-48FD-91AF-9EE052A5C5E3}.Debug|Any CPU.Build.0 = Debug|Any CPU
		{D872AA02-216C-48FD-91AF-9EE052A5C5E3}.Debug|x64.ActiveCfg = Debug|Any CPU
		{D872AA02-216C-48FD-91AF-9EE052A5C5E3}.Debug|x64.Build.0 = Debug|Any CPU
		{D872AA02-216C-48FD-91AF-9EE052A5C5E3}.Debug|x86.ActiveCfg = Debug|Any CPU
		{D872AA02-216C-48FD-91AF-9EE052A5C5E3}.Debug|x86.Build.0 = Debug|Any CPU
		{D872AA02-216C-48FD-91AF-9EE052A5C5E3}.Release|Any CPU.ActiveCfg = Release|Any CPU
		{D872AA02-216C-48FD-91AF-9EE052A5C5E3}.Release|Any CPU.Build.0 = Release|Any CPU
		{D872AA02-216C-48FD-91AF-9EE052A5C5E3}.Release|x64.ActiveCfg = Release|Any CPU
		{D872AA02-216C-48FD-91AF-9EE052A5C5E3}.Release|x64.Build.0 = Release|Any CPU
		{D872AA02-216C-48FD-91AF-9EE052A5C5E3}.Release|x86.ActiveCfg = Release|Any CPU
		{D872AA02-216C-48FD-91AF-9EE052A5C5E3}.Release|x86.Build.0 = Release|Any CPU
		{6AE392A5-A2D4-4001-AEF3-B8B9D2E1F9CB}.Debug|Any CPU.ActiveCfg = Debug|Any CPU
		{6AE392A5-A2D4-4001-AEF3-B8B9D2E1F9CB}.Debug|Any CPU.Build.0 = Debug|Any CPU
		{6AE392A5-A2D4-4001-AEF3-B8B9D2E1F9CB}.Debug|x64.ActiveCfg = Debug|Any CPU
		{6AE392A5-A2D4-4001-AEF3-B8B9D2E1F9CB}.Debug|x64.Build.0 = Debug|Any CPU
		{6AE392A5-A2D4-4001-AEF3-B8B9D2E1F9CB}.Debug|x86.ActiveCfg = Debug|Any CPU
		{6AE392A5-A2D4-4001-AEF3-B8B9D2E1F9CB}.Debug|x86.Build.0 = Debug|Any CPU
		{6AE392A5-A2D4-4001-AEF3-B8B9D2E1F9CB}.Release|Any CPU.ActiveCfg = Release|Any CPU
		{6AE392A5-A2D4-4001-AEF3-B8B9D2E1F9CB}.Release|Any CPU.Build.0 = Release|Any CPU
		{6AE392A5-A2D4-4001-AEF3-B8B9D2E1F9CB}.Release|x64.ActiveCfg = Release|Any CPU
		{6AE392A5-A2D4-4001-AEF3-B8B9D2E1F9CB}.Release|x64.Build.0 = Release|Any CPU
		{6AE392A5-A2D4-4001-AEF3-B8B9D2E1F9CB}.Release|x86.ActiveCfg = Release|Any CPU
		{6AE392A5-A2D4-4001-AEF3-B8B9D2E1F9CB}.Release|x86.Build.0 = Release|Any CPU
		{3A11DD91-0AC4-4CC4-A659-DF661AD5F2AE}.Debug|Any CPU.ActiveCfg = Debug|Any CPU
		{3A11DD91-0AC4-4CC4-A659-DF661AD5F2AE}.Debug|Any CPU.Build.0 = Debug|Any CPU
		{3A11DD91-0AC4-4CC4-A659-DF661AD5F2AE}.Debug|x64.ActiveCfg = Debug|Any CPU
		{3A11DD91-0AC4-4CC4-A659-DF661AD5F2AE}.Debug|x64.Build.0 = Debug|Any CPU
		{3A11DD91-0AC4-4CC4-A659-DF661AD5F2AE}.Debug|x86.ActiveCfg = Debug|Any CPU
		{3A11DD91-0AC4-4CC4-A659-DF661AD5F2AE}.Debug|x86.Build.0 = Debug|Any CPU
		{3A11DD91-0AC4-4CC4-A659-DF661AD5F2AE}.Release|Any CPU.ActiveCfg = Release|Any CPU
		{3A11DD91-0AC4-4CC4-A659-DF661AD5F2AE}.Release|Any CPU.Build.0 = Release|Any CPU
		{3A11DD91-0AC4-4CC4-A659-DF661AD5F2AE}.Release|x64.ActiveCfg = Release|Any CPU
		{3A11DD91-0AC4-4CC4-A659-DF661AD5F2AE}.Release|x64.Build.0 = Release|Any CPU
		{3A11DD91-0AC4-4CC4-A659-DF661AD5F2AE}.Release|x86.ActiveCfg = Release|Any CPU
		{3A11DD91-0AC4-4CC4-A659-DF661AD5F2AE}.Release|x86.Build.0 = Release|Any CPU
		{5E2BAA1B-836C-4F33-9A4B-50C9360C38B2}.Debug|Any CPU.ActiveCfg = Debug|Any CPU
		{5E2BAA1B-836C-4F33-9A4B-50C9360C38B2}.Debug|Any CPU.Build.0 = Debug|Any CPU
		{5E2BAA1B-836C-4F33-9A4B-50C9360C38B2}.Debug|x64.ActiveCfg = Debug|Any CPU
		{5E2BAA1B-836C-4F33-9A4B-50C9360C38B2}.Debug|x64.Build.0 = Debug|Any CPU
		{5E2BAA1B-836C-4F33-9A4B-50C9360C38B2}.Debug|x86.ActiveCfg = Debug|Any CPU
		{5E2BAA1B-836C-4F33-9A4B-50C9360C38B2}.Debug|x86.Build.0 = Debug|Any CPU
		{5E2BAA1B-836C-4F33-9A4B-50C9360C38B2}.Release|Any CPU.ActiveCfg = Release|Any CPU
		{5E2BAA1B-836C-4F33-9A4B-50C9360C38B2}.Release|Any CPU.Build.0 = Release|Any CPU
		{5E2BAA1B-836C-4F33-9A4B-50C9360C38B2}.Release|x64.ActiveCfg = Release|Any CPU
		{5E2BAA1B-836C-4F33-9A4B-50C9360C38B2}.Release|x64.Build.0 = Release|Any CPU
		{5E2BAA1B-836C-4F33-9A4B-50C9360C38B2}.Release|x86.ActiveCfg = Release|Any CPU
		{5E2BAA1B-836C-4F33-9A4B-50C9360C38B2}.Release|x86.Build.0 = Release|Any CPU
		{AF2BFBF5-45DD-4E98-8DCF-983827818D20}.Debug|Any CPU.ActiveCfg = Debug|Any CPU
		{AF2BFBF5-45DD-4E98-8DCF-983827818D20}.Debug|Any CPU.Build.0 = Debug|Any CPU
		{AF2BFBF5-45DD-4E98-8DCF-983827818D20}.Debug|x64.ActiveCfg = Debug|Any CPU
		{AF2BFBF5-45DD-4E98-8DCF-983827818D20}.Debug|x64.Build.0 = Debug|Any CPU
		{AF2BFBF5-45DD-4E98-8DCF-983827818D20}.Debug|x86.ActiveCfg = Debug|Any CPU
		{AF2BFBF5-45DD-4E98-8DCF-983827818D20}.Debug|x86.Build.0 = Debug|Any CPU
		{AF2BFBF5-45DD-4E98-8DCF-983827818D20}.Release|Any CPU.ActiveCfg = Release|Any CPU
		{AF2BFBF5-45DD-4E98-8DCF-983827818D20}.Release|Any CPU.Build.0 = Release|Any CPU
		{AF2BFBF5-45DD-4E98-8DCF-983827818D20}.Release|x64.ActiveCfg = Release|Any CPU
		{AF2BFBF5-45DD-4E98-8DCF-983827818D20}.Release|x64.Build.0 = Release|Any CPU
		{AF2BFBF5-45DD-4E98-8DCF-983827818D20}.Release|x86.ActiveCfg = Release|Any CPU
		{AF2BFBF5-45DD-4E98-8DCF-983827818D20}.Release|x86.Build.0 = Release|Any CPU
	EndGlobalSection
	GlobalSection(SolutionProperties) = preSolution
		HideSolutionNode = FALSE
	EndGlobalSection
	GlobalSection(NestedProjects) = preSolution
		{EF1CD05E-FB19-4F6A-96C2-9D0832B64BF7} = {84CB597D-3B68-4065-81C7-13255D8AE695}
		{B3962C1C-9433-4C18-860D-2E31E3870F7E} = {84CB597D-3B68-4065-81C7-13255D8AE695}
		{66C0E7B4-38F2-4659-8C6B-D3AB1316C7C4} = {4109A8C9-AB75-4214-90B6-0D78D7BF000B}
		{60A8D0D7-D881-4D39-98E5-B5CE90C7C201} = {84CB597D-3B68-4065-81C7-13255D8AE695}
		{FFF2004C-FA5F-4E77-AA76-FF98A02970E8} = {30A8075C-7B08-4F38-AA7A-1389F41B35B1}
		{2E7194BD-454C-46D0-8714-F0AD024C9807} = {CA669B57-942C-4BE6-B898-7DF56381F8C2}
		{F69F9B06-969C-4EFA-A92F-8C5B8CF5B1BC} = {B7E3AA59-7A76-44E5-95AF-57A3D90A33BA}
		{44D42ADA-6F0B-4F6E-B079-674719AFCBE0} = {DC0190AB-9A18-46EA-8279-71053F068FD4}
		{AD46C44A-635C-4B5F-B7E0-C7979D9CB2A9} = {3BC0025A-8A65-4B4F-80E1-2D4EC6000AE4}
		{F5B10790-BE9E-4336-ABC9-00DC77F5B3F7} = {75324C52-3807-4CE4-A50A-131CABD4F11B}
		{5899A453-D89D-426E-9B29-466B6E7A00A2} = {45D6783E-C963-4CB1-B062-36D982B16EF7}
		{30A8075C-7B08-4F38-AA7A-1389F41B35B1} = {60A8D0D7-D881-4D39-98E5-B5CE90C7C201}
		{CA669B57-942C-4BE6-B898-7DF56381F8C2} = {EF1CD05E-FB19-4F6A-96C2-9D0832B64BF7}
		{B7E3AA59-7A76-44E5-95AF-57A3D90A33BA} = {EF1CD05E-FB19-4F6A-96C2-9D0832B64BF7}
		{DC0190AB-9A18-46EA-8279-71053F068FD4} = {EF1CD05E-FB19-4F6A-96C2-9D0832B64BF7}
		{45D6783E-C963-4CB1-B062-36D982B16EF7} = {EF1CD05E-FB19-4F6A-96C2-9D0832B64BF7}
		{3BC0025A-8A65-4B4F-80E1-2D4EC6000AE4} = {EF1CD05E-FB19-4F6A-96C2-9D0832B64BF7}
		{75324C52-3807-4CE4-A50A-131CABD4F11B} = {EF1CD05E-FB19-4F6A-96C2-9D0832B64BF7}
		{4109A8C9-AB75-4214-90B6-0D78D7BF000B} = {B3962C1C-9433-4C18-860D-2E31E3870F7E}
		{B92BB5E1-5271-4A65-A966-F61C3C0E4FD7} = {60A8D0D7-D881-4D39-98E5-B5CE90C7C201}
		{D872AA02-216C-48FD-91AF-9EE052A5C5E3} = {B92BB5E1-5271-4A65-A966-F61C3C0E4FD7}
		{56646BA0-8552-4235-82EE-908DB8FB5C0A} = {60A8D0D7-D881-4D39-98E5-B5CE90C7C201}
		{6AE392A5-A2D4-4001-AEF3-B8B9D2E1F9CB} = {56646BA0-8552-4235-82EE-908DB8FB5C0A}
		{4641B258-BBBF-4D4B-9009-6FD1B43DD71F} = {84CB597D-3B68-4065-81C7-13255D8AE695}
		{49DD484C-36CD-4F1E-AF3E-9500FF9682EA} = {4641B258-BBBF-4D4B-9009-6FD1B43DD71F}
		{3A11DD91-0AC4-4CC4-A659-DF661AD5F2AE} = {49DD484C-36CD-4F1E-AF3E-9500FF9682EA}
		{5E2BAA1B-836C-4F33-9A4B-50C9360C38B2} = {75324C52-3807-4CE4-A50A-131CABD4F11B}
		{AF2BFBF5-45DD-4E98-8DCF-983827818D20} = {75324C52-3807-4CE4-A50A-131CABD4F11B}
	EndGlobalSection
	GlobalSection(ExtensibilityGlobals) = postSolution
		SolutionGuid = {3192B4DC-A689-412A-AD12-6CFD345096CC}
	EndGlobalSection
EndGlobal
