
Microsoft Visual Studio Solution File, Format Version 12.00
# Visual Studio 15
VisualStudioVersion = 15.0.26124.0
MinimumVisualStudioVersion = 15.0.26124.0
Project("{2150E333-8FDC-42A3-9474-1A3956D46DE8}") = "src", "src", "{84CB597D-3B68-4065-81C7-13255D8AE695}"
EndProject
Project("{2150E333-8FDC-42A3-9474-1A3956D46DE8}") = "services", "services", "{EF1CD05E-FB19-4F6A-96C2-9D0832B64BF7}"
EndProject
Project("{2150E333-8FDC-42A3-9474-1A3956D46DE8}") = "web", "web", "{B3962C1C-9433-4C18-860D-2E31E3870F7E}"
EndProject
Project("{FAE04EC0-301F-11D3-BF4B-00C04F79EFBC}") = "NSE.WebApp.MVC", "src\web\NSE.WebApp.MVC\NSE.WebApp.MVC.csproj", "{66C0E7B4-38F2-4659-8C6B-D3AB1316C7C4}"
EndProject
Project("{2150E333-8FDC-42A3-9474-1A3956D46DE8}") = "building blocks", "building blocks", "{60A8D0D7-D881-4D39-98E5-B5CE90C7C201}"
EndProject
Project("{FAE04EC0-301F-11D3-BF4B-00C04F79EFBC}") = "NSE.Core", "src\building blocks\NSE.Core\NSE.Core.csproj", "{FFF2004C-FA5F-4E77-AA76-FF98A02970E8}"
EndProject
Project("{FAE04EC0-301F-11D3-BF4B-00C04F79EFBC}") = "NSE.Carrinho.Api", "src\services\NSE.Carrinho.Api\NSE.Carrinho.Api.csproj", "{2E7194BD-454C-46D0-8714-F0AD024C9807}"
EndProject
Project("{FAE04EC0-301F-11D3-BF4B-00C04F79EFBC}") = "NSE.Catalogo.Api", "src\services\NSE.Catalogo.Api\NSE.Catalogo.Api.csproj", "{F69F9B06-969C-4EFA-A92F-8C5B8CF5B1BC}"
EndProject
Project("{FAE04EC0-301F-11D3-BF4B-00C04F79EFBC}") = "NSE.Cliente.Api", "src\services\NSE.Cliente.Api\NSE.Cliente.Api.csproj", "{44D42ADA-6F0B-4F6E-B079-674719AFCBE0}"
EndProject
Project("{FAE04EC0-301F-11D3-BF4B-00C04F79EFBC}") = "NSE.Pagamento.Api", "src\services\NSE.Pagamento.Api\NSE.Pagamento.Api.csproj", "{AD46C44A-635C-4B5F-B7E0-C7979D9CB2A9}"
EndProject
Project("{FAE04EC0-301F-11D3-BF4B-00C04F79EFBC}") = "NSE.Pedido.Api", "src\services\NSE.Pedido.Api\NSE.Pedido.Api.csproj", "{F5B10790-BE9E-4336-ABC9-00DC77F5B3F7}"
EndProject
Project("{FAE04EC0-301F-11D3-BF4B-00C04F79EFBC}") = "NSE.Identidade.Api", "src\services\NSE.Identidade.Api\NSE.Identidade.Api.csproj", "{5899A453-D89D-426E-9B29-466B6E7A00A2}"
EndProject
Global
	GlobalSection(SolutionConfigurationPlatforms) = preSolution
		Debug|Any CPU = Debug|Any CPU
		Debug|x64 = Debug|x64
		Debug|x86 = Debug|x86
		Release|Any CPU = Release|Any CPU
		Release|x64 = Release|x64
		Release|x86 = Release|x86
	EndGlobalSection
	GlobalSection(SolutionProperties) = preSolution
		HideSolutionNode = FALSE
	EndGlobalSection
	GlobalSection(ProjectConfigurationPlatforms) = postSolution
		{66C0E7B4-38F2-4659-8C6B-D3AB1316C7C4}.Debug|Any CPU.ActiveCfg = Debug|Any CPU
		{66C0E7B4-38F2-4659-8C6B-D3AB1316C7C4}.Debug|Any CPU.Build.0 = Debug|Any CPU
		{66C0E7B4-38F2-4659-8C6B-D3AB1316C7C4}.Debug|x64.ActiveCfg = Debug|Any CPU
		{66C0E7B4-38F2-4659-8C6B-D3AB1316C7C4}.Debug|x64.Build.0 = Debug|Any CPU
		{66C0E7B4-38F2-4659-8C6B-D3AB1316C7C4}.Debug|x86.ActiveCfg = Debug|Any CPU
		{66C0E7B4-38F2-4659-8C6B-D3AB1316C7C4}.Debug|x86.Build.0 = Debug|Any CPU
		{66C0E7B4-38F2-4659-8C6B-D3AB1316C7C4}.Release|Any CPU.ActiveCfg = Release|Any CPU
		{66C0E7B4-38F2-4659-8C6B-D3AB1316C7C4}.Release|Any CPU.Build.0 = Release|Any CPU
		{66C0E7B4-38F2-4659-8C6B-D3AB1316C7C4}.Release|x64.ActiveCfg = Release|Any CPU
		{66C0E7B4-38F2-4659-8C6B-D3AB1316C7C4}.Release|x64.Build.0 = Release|Any CPU
		{66C0E7B4-38F2-4659-8C6B-D3AB1316C7C4}.Release|x86.ActiveCfg = Release|Any CPU
		{66C0E7B4-38F2-4659-8C6B-D3AB1316C7C4}.Release|x86.Build.0 = Release|Any CPU
		{FFF2004C-FA5F-4E77-AA76-FF98A02970E8}.Debug|Any CPU.ActiveCfg = Debug|Any CPU
		{FFF2004C-FA5F-4E77-AA76-FF98A02970E8}.Debug|Any CPU.Build.0 = Debug|Any CPU
		{FFF2004C-FA5F-4E77-AA76-FF98A02970E8}.Debug|x64.ActiveCfg = Debug|Any CPU
		{FFF2004C-FA5F-4E77-AA76-FF98A02970E8}.Debug|x64.Build.0 = Debug|Any CPU
		{FFF2004C-FA5F-4E77-AA76-FF98A02970E8}.Debug|x86.ActiveCfg = Debug|Any CPU
		{FFF2004C-FA5F-4E77-AA76-FF98A02970E8}.Debug|x86.Build.0 = Debug|Any CPU
		{FFF2004C-FA5F-4E77-AA76-FF98A02970E8}.Release|Any CPU.ActiveCfg = Release|Any CPU
		{FFF2004C-FA5F-4E77-AA76-FF98A02970E8}.Release|Any CPU.Build.0 = Release|Any CPU
		{FFF2004C-FA5F-4E77-AA76-FF98A02970E8}.Release|x64.ActiveCfg = Release|Any CPU
		{FFF2004C-FA5F-4E77-AA76-FF98A02970E8}.Release|x64.Build.0 = Release|Any CPU
		{FFF2004C-FA5F-4E77-AA76-FF98A02970E8}.Release|x86.ActiveCfg = Release|Any CPU
		{FFF2004C-FA5F-4E77-AA76-FF98A02970E8}.Release|x86.Build.0 = Release|Any CPU
		{2E7194BD-454C-46D0-8714-F0AD024C9807}.Debug|Any CPU.ActiveCfg = Debug|Any CPU
		{2E7194BD-454C-46D0-8714-F0AD024C9807}.Debug|Any CPU.Build.0 = Debug|Any CPU
		{2E7194BD-454C-46D0-8714-F0AD024C9807}.Debug|x64.ActiveCfg = Debug|Any CPU
		{2E7194BD-454C-46D0-8714-F0AD024C9807}.Debug|x64.Build.0 = Debug|Any CPU
		{2E7194BD-454C-46D0-8714-F0AD024C9807}.Debug|x86.ActiveCfg = Debug|Any CPU
		{2E7194BD-454C-46D0-8714-F0AD024C9807}.Debug|x86.Build.0 = Debug|Any CPU
		{2E7194BD-454C-46D0-8714-F0AD024C9807}.Release|Any CPU.ActiveCfg = Release|Any CPU
		{2E7194BD-454C-46D0-8714-F0AD024C9807}.Release|Any CPU.Build.0 = Release|Any CPU
		{2E7194BD-454C-46D0-8714-F0AD024C9807}.Release|x64.ActiveCfg = Release|Any CPU
		{2E7194BD-454C-46D0-8714-F0AD024C9807}.Release|x64.Build.0 = Release|Any CPU
		{2E7194BD-454C-46D0-8714-F0AD024C9807}.Release|x86.ActiveCfg = Release|Any CPU
		{2E7194BD-454C-46D0-8714-F0AD024C9807}.Release|x86.Build.0 = Release|Any CPU
		{F69F9B06-969C-4EFA-A92F-8C5B8CF5B1BC}.Debug|Any CPU.ActiveCfg = Debug|Any CPU
		{F69F9B06-969C-4EFA-A92F-8C5B8CF5B1BC}.Debug|Any CPU.Build.0 = Debug|Any CPU
		{F69F9B06-969C-4EFA-A92F-8C5B8CF5B1BC}.Debug|x64.ActiveCfg = Debug|Any CPU
		{F69F9B06-969C-4EFA-A92F-8C5B8CF5B1BC}.Debug|x64.Build.0 = Debug|Any CPU
		{F69F9B06-969C-4EFA-A92F-8C5B8CF5B1BC}.Debug|x86.ActiveCfg = Debug|Any CPU
		{F69F9B06-969C-4EFA-A92F-8C5B8CF5B1BC}.Debug|x86.Build.0 = Debug|Any CPU
		{F69F9B06-969C-4EFA-A92F-8C5B8CF5B1BC}.Release|Any CPU.ActiveCfg = Release|Any CPU
		{F69F9B06-969C-4EFA-A92F-8C5B8CF5B1BC}.Release|Any CPU.Build.0 = Release|Any CPU
		{F69F9B06-969C-4EFA-A92F-8C5B8CF5B1BC}.Release|x64.ActiveCfg = Release|Any CPU
		{F69F9B06-969C-4EFA-A92F-8C5B8CF5B1BC}.Release|x64.Build.0 = Release|Any CPU
		{F69F9B06-969C-4EFA-A92F-8C5B8CF5B1BC}.Release|x86.ActiveCfg = Release|Any CPU
		{F69F9B06-969C-4EFA-A92F-8C5B8CF5B1BC}.Release|x86.Build.0 = Release|Any CPU
		{44D42ADA-6F0B-4F6E-B079-674719AFCBE0}.Debug|Any CPU.ActiveCfg = Debug|Any CPU
		{44D42ADA-6F0B-4F6E-B079-674719AFCBE0}.Debug|Any CPU.Build.0 = Debug|Any CPU
		{44D42ADA-6F0B-4F6E-B079-674719AFCBE0}.Debug|x64.ActiveCfg = Debug|Any CPU
		{44D42ADA-6F0B-4F6E-B079-674719AFCBE0}.Debug|x64.Build.0 = Debug|Any CPU
		{44D42ADA-6F0B-4F6E-B079-674719AFCBE0}.Debug|x86.ActiveCfg = Debug|Any CPU
		{44D42ADA-6F0B-4F6E-B079-674719AFCBE0}.Debug|x86.Build.0 = Debug|Any CPU
		{44D42ADA-6F0B-4F6E-B079-674719AFCBE0}.Release|Any CPU.ActiveCfg = Release|Any CPU
		{44D42ADA-6F0B-4F6E-B079-674719AFCBE0}.Release|Any CPU.Build.0 = Release|Any CPU
		{44D42ADA-6F0B-4F6E-B079-674719AFCBE0}.Release|x64.ActiveCfg = Release|Any CPU
		{44D42ADA-6F0B-4F6E-B079-674719AFCBE0}.Release|x64.Build.0 = Release|Any CPU
		{44D42ADA-6F0B-4F6E-B079-674719AFCBE0}.Release|x86.ActiveCfg = Release|Any CPU
		{44D42ADA-6F0B-4F6E-B079-674719AFCBE0}.Release|x86.Build.0 = Release|Any CPU
		{AD46C44A-635C-4B5F-B7E0-C7979D9CB2A9}.Debug|Any CPU.ActiveCfg = Debug|Any CPU
		{AD46C44A-635C-4B5F-B7E0-C7979D9CB2A9}.Debug|Any CPU.Build.0 = Debug|Any CPU
		{AD46C44A-635C-4B5F-B7E0-C7979D9CB2A9}.Debug|x64.ActiveCfg = Debug|Any CPU
		{AD46C44A-635C-4B5F-B7E0-C7979D9CB2A9}.Debug|x64.Build.0 = Debug|Any CPU
		{AD46C44A-635C-4B5F-B7E0-C7979D9CB2A9}.Debug|x86.ActiveCfg = Debug|Any CPU
		{AD46C44A-635C-4B5F-B7E0-C7979D9CB2A9}.Debug|x86.Build.0 = Debug|Any CPU
		{AD46C44A-635C-4B5F-B7E0-C7979D9CB2A9}.Release|Any CPU.ActiveCfg = Release|Any CPU
		{AD46C44A-635C-4B5F-B7E0-C7979D9CB2A9}.Release|Any CPU.Build.0 = Release|Any CPU
		{AD46C44A-635C-4B5F-B7E0-C7979D9CB2A9}.Release|x64.ActiveCfg = Release|Any CPU
		{AD46C44A-635C-4B5F-B7E0-C7979D9CB2A9}.Release|x64.Build.0 = Release|Any CPU
		{AD46C44A-635C-4B5F-B7E0-C7979D9CB2A9}.Release|x86.ActiveCfg = Release|Any CPU
		{AD46C44A-635C-4B5F-B7E0-C7979D9CB2A9}.Release|x86.Build.0 = Release|Any CPU
		{F5B10790-BE9E-4336-ABC9-00DC77F5B3F7}.Debug|Any CPU.ActiveCfg = Debug|Any CPU
		{F5B10790-BE9E-4336-ABC9-00DC77F5B3F7}.Debug|Any CPU.Build.0 = Debug|Any CPU
		{F5B10790-BE9E-4336-ABC9-00DC77F5B3F7}.Debug|x64.ActiveCfg = Debug|Any CPU
		{F5B10790-BE9E-4336-ABC9-00DC77F5B3F7}.Debug|x64.Build.0 = Debug|Any CPU
		{F5B10790-BE9E-4336-ABC9-00DC77F5B3F7}.Debug|x86.ActiveCfg = Debug|Any CPU
		{F5B10790-BE9E-4336-ABC9-00DC77F5B3F7}.Debug|x86.Build.0 = Debug|Any CPU
		{F5B10790-BE9E-4336-ABC9-00DC77F5B3F7}.Release|Any CPU.ActiveCfg = Release|Any CPU
		{F5B10790-BE9E-4336-ABC9-00DC77F5B3F7}.Release|Any CPU.Build.0 = Release|Any CPU
		{F5B10790-BE9E-4336-ABC9-00DC77F5B3F7}.Release|x64.ActiveCfg = Release|Any CPU
		{F5B10790-BE9E-4336-ABC9-00DC77F5B3F7}.Release|x64.Build.0 = Release|Any CPU
		{F5B10790-BE9E-4336-ABC9-00DC77F5B3F7}.Release|x86.ActiveCfg = Release|Any CPU
		{F5B10790-BE9E-4336-ABC9-00DC77F5B3F7}.Release|x86.Build.0 = Release|Any CPU
		{5899A453-D89D-426E-9B29-466B6E7A00A2}.Debug|Any CPU.ActiveCfg = Debug|Any CPU
		{5899A453-D89D-426E-9B29-466B6E7A00A2}.Debug|Any CPU.Build.0 = Debug|Any CPU
		{5899A453-D89D-426E-9B29-466B6E7A00A2}.Debug|x64.ActiveCfg = Debug|Any CPU
		{5899A453-D89D-426E-9B29-466B6E7A00A2}.Debug|x64.Build.0 = Debug|Any CPU
		{5899A453-D89D-426E-9B29-466B6E7A00A2}.Debug|x86.ActiveCfg = Debug|Any CPU
		{5899A453-D89D-426E-9B29-466B6E7A00A2}.Debug|x86.Build.0 = Debug|Any CPU
		{5899A453-D89D-426E-9B29-466B6E7A00A2}.Release|Any CPU.ActiveCfg = Release|Any CPU
		{5899A453-D89D-426E-9B29-466B6E7A00A2}.Release|Any CPU.Build.0 = Release|Any CPU
		{5899A453-D89D-426E-9B29-466B6E7A00A2}.Release|x64.ActiveCfg = Release|Any CPU
		{5899A453-D89D-426E-9B29-466B6E7A00A2}.Release|x64.Build.0 = Release|Any CPU
		{5899A453-D89D-426E-9B29-466B6E7A00A2}.Release|x86.ActiveCfg = Release|Any CPU
		{5899A453-D89D-426E-9B29-466B6E7A00A2}.Release|x86.Build.0 = Release|Any CPU
	EndGlobalSection
	GlobalSection(NestedProjects) = preSolution
		{EF1CD05E-FB19-4F6A-96C2-9D0832B64BF7} = {84CB597D-3B68-4065-81C7-13255D8AE695}
		{B3962C1C-9433-4C18-860D-2E31E3870F7E} = {84CB597D-3B68-4065-81C7-13255D8AE695}
		{66C0E7B4-38F2-4659-8C6B-D3AB1316C7C4} = {B3962C1C-9433-4C18-860D-2E31E3870F7E}
		{60A8D0D7-D881-4D39-98E5-B5CE90C7C201} = {84CB597D-3B68-4065-81C7-13255D8AE695}
		{FFF2004C-FA5F-4E77-AA76-FF98A02970E8} = {60A8D0D7-D881-4D39-98E5-B5CE90C7C201}
		{2E7194BD-454C-46D0-8714-F0AD024C9807} = {EF1CD05E-FB19-4F6A-96C2-9D0832B64BF7}
		{F69F9B06-969C-4EFA-A92F-8C5B8CF5B1BC} = {EF1CD05E-FB19-4F6A-96C2-9D0832B64BF7}
		{44D42ADA-6F0B-4F6E-B079-674719AFCBE0} = {EF1CD05E-FB19-4F6A-96C2-9D0832B64BF7}
		{AD46C44A-635C-4B5F-B7E0-C7979D9CB2A9} = {EF1CD05E-FB19-4F6A-96C2-9D0832B64BF7}
		{F5B10790-BE9E-4336-ABC9-00DC77F5B3F7} = {EF1CD05E-FB19-4F6A-96C2-9D0832B64BF7}
		{5899A453-D89D-426E-9B29-466B6E7A00A2} = {EF1CD05E-FB19-4F6A-96C2-9D0832B64BF7}
	EndGlobalSection
EndGlobal
